
Microsoft Visual Studio Solution File, Format Version 12.00
# Visual Studio 15
VisualStudioVersion = 15.0.27004.2005
MinimumVisualStudioVersion = 10.0.40219.1
Project("{FAE04EC0-301F-11D3-BF4B-00C04F79EFBC}") = "Products", "Products\Products.csproj", "{234899E9-1153-4184-B029-BE4B3E64AB23}"
EndProject
Global
	GlobalSection(SolutionConfigurationPlatforms) = preSolution
		Debug|Any CPU = Debug|Any CPU
		Release|Any CPU = Release|Any CPU
	EndGlobalSection
	GlobalSection(ProjectConfigurationPlatforms) = postSolution
		{234899E9-1153-4184-B029-BE4B3E64AB23}.Debug|Any CPU.ActiveCfg = Debug|Any CPU
		{234899E9-1153-4184-B029-BE4B3E64AB23}.Debug|Any CPU.Build.0 = Debug|Any CPU
		{234899E9-1153-4184-B029-BE4B3E64AB23}.Release|Any CPU.ActiveCfg = Release|Any CPU
		{234899E9-1153-4184-B029-BE4B3E64AB23}.Release|Any CPU.Build.0 = Release|Any CPU
	EndGlobalSection
	GlobalSection(SolutionProperties) = preSolution
		HideSolutionNode = FALSE
	EndGlobalSection
	GlobalSection(ExtensibilityGlobals) = postSolution
		SolutionGuid = {4C961D2A-EC70-4F01-B65D-F61BCF92A459}
	EndGlobalSection
EndGlobal
